
Microsoft Visual Studio Solution File, Format Version 12.00
# Visual Studio 2012
Project("{FAE04EC0-301F-11D3-BF4B-00C04F79EFBC}") = "MvcTestApplication", "MvcTestApplication.csproj", "{61E774CF-A25E-4CA5-A696-CBA88E2E72D3}"
EndProject
Global
	GlobalSection(SolutionConfigurationPlatforms) = preSolution
		Debug|Any CPU = Debug|Any CPU
		Release|Any CPU = Release|Any CPU
	EndGlobalSection
	GlobalSection(ProjectConfigurationPlatforms) = postSolution
		{61E774CF-A25E-4CA5-A696-CBA88E2E72D3}.Debug|Any CPU.ActiveCfg = Debug|Any CPU
		{61E774CF-A25E-4CA5-A696-CBA88E2E72D3}.Debug|Any CPU.Build.0 = Debug|Any CPU
		{61E774CF-A25E-4CA5-A696-CBA88E2E72D3}.Release|Any CPU.ActiveCfg = Release|Any CPU
		{61E774CF-A25E-4CA5-A696-CBA88E2E72D3}.Release|Any CPU.Build.0 = Release|Any CPU
	EndGlobalSection
	GlobalSection(SolutionProperties) = preSolution
		HideSolutionNode = FALSE
	EndGlobalSection
EndGlobal
